// !$*UTF8*$!
{
	archiveVersion = 1;
	classes = {
	};
	objectVersion = 56;
	objects = {

/* Begin PBXBuildFile section */
		430D6ABC29FF9D8B00075479 /* main.swift in Sources */ = {isa = PBXBuildFile; fileRef = 430D6ABB29FF9D8B00075479 /* main.swift */; };
		430D6AC329FFAD0A00075479 /* creditProgramStart.swift in Sources */ = {isa = PBXBuildFile; fileRef = 430D6AC229FFAD0A00075479 /* creditProgramStart.swift */; };
		430D6AC529FFAD1700075479 /* ErrorMessage.swift in Sources */ = {isa = PBXBuildFile; fileRef = 430D6AC429FFAD1700075479 /* ErrorMessage.swift */; };
		430D6AC729FFAD2B00075479 /* removeScore.swift in Sources */ = {isa = PBXBuildFile; fileRef = 430D6AC629FFAD2B00075479 /* removeScore.swift */; };
		430D6AC929FFAD3200075479 /* removeStudent.swift in Sources */ = {isa = PBXBuildFile; fileRef = 430D6AC829FFAD3200075479 /* removeStudent.swift */; };
		430D6ACB29FFAD3900075479 /* addScore.swift in Sources */ = {isa = PBXBuildFile; fileRef = 430D6ACA29FFAD3900075479 /* addScore.swift */; };
		430D6ACD29FFAD4000075479 /* addStudent.swift in Sources */ = {isa = PBXBuildFile; fileRef = 430D6ACC29FFAD4000075479 /* addStudent.swift */; };
		430D6ACF29FFAD4700075479 /* getGrade.swift in Sources */ = {isa = PBXBuildFile; fileRef = 430D6ACE29FFAD4700075479 /* getGrade.swift */; };
		430D6AD129FFAD9800075479 /* score.swift in Sources */ = {isa = PBXBuildFile; fileRef = 430D6AD029FFAD9800075479 /* score.swift */; };
/* End PBXBuildFile section */

/* Begin PBXCopyFilesBuildPhase section */
		430D6AB629FF9D8B00075479 /* CopyFiles */ = {
			isa = PBXCopyFilesBuildPhase;
			buildActionMask = 2147483647;
			dstPath = /usr/share/man/man1/;
			dstSubfolderSpec = 0;
			files = (
			);
			runOnlyForDeploymentPostprocessing = 1;
		};
/* End PBXCopyFilesBuildPhase section */

/* Begin PBXFileReference section */
		430D6AB829FF9D8B00075479 /* MyCreditManager */ = {isa = PBXFileReference; explicitFileType = "compiled.mach-o.executable"; includeInIndex = 0; path = MyCreditManager; sourceTree = BUILT_PRODUCTS_DIR; };
		430D6ABB29FF9D8B00075479 /* main.swift */ = {isa = PBXFileReference; lastKnownFileType = sourcecode.swift; path = main.swift; sourceTree = "<group>"; };
		430D6AC229FFAD0A00075479 /* creditProgramStart.swift */ = {isa = PBXFileReference; lastKnownFileType = sourcecode.swift; path = creditProgramStart.swift; sourceTree = "<group>"; };
		430D6AC429FFAD1700075479 /* ErrorMessage.swift */ = {isa = PBXFileReference; lastKnownFileType = sourcecode.swift; path = ErrorMessage.swift; sourceTree = "<group>"; };
		430D6AC629FFAD2B00075479 /* removeScore.swift */ = {isa = PBXFileReference; lastKnownFileType = sourcecode.swift; path = removeScore.swift; sourceTree = "<group>"; };
		430D6AC829FFAD3200075479 /* removeStudent.swift */ = {isa = PBXFileReference; lastKnownFileType = sourcecode.swift; path = removeStudent.swift; sourceTree = "<group>"; };
		430D6ACA29FFAD3900075479 /* addScore.swift */ = {isa = PBXFileReference; lastKnownFileType = sourcecode.swift; path = addScore.swift; sourceTree = "<group>"; };
		430D6ACC29FFAD4000075479 /* addStudent.swift */ = {isa = PBXFileReference; lastKnownFileType = sourcecode.swift; path = addStudent.swift; sourceTree = "<group>"; };
		430D6ACE29FFAD4700075479 /* getGrade.swift */ = {isa = PBXFileReference; lastKnownFileType = sourcecode.swift; path = getGrade.swift; sourceTree = "<group>"; };
		430D6AD029FFAD9800075479 /* score.swift */ = {isa = PBXFileReference; lastKnownFileType = sourcecode.swift; path = score.swift; sourceTree = "<group>"; };
/* End PBXFileReference section */

/* Begin PBXFrameworksBuildPhase section */
		430D6AB529FF9D8B00075479 /* Frameworks */ = {
			isa = PBXFrameworksBuildPhase;
			buildActionMask = 2147483647;
			files = (
			);
			runOnlyForDeploymentPostprocessing = 0;
		};
/* End PBXFrameworksBuildPhase section */

/* Begin PBXGroup section */
		430D6AAF29FF9D8B00075479 = {
			isa = PBXGroup;
			children = (
				430D6ABA29FF9D8B00075479 /* MyCreditManager */,
				430D6AB929FF9D8B00075479 /* Products */,
			);
			sourceTree = "<group>";
		};
		430D6AB929FF9D8B00075479 /* Products */ = {
			isa = PBXGroup;
			children = (
				430D6AB829FF9D8B00075479 /* MyCreditManager */,
			);
			name = Products;
			sourceTree = "<group>";
		};
		430D6ABA29FF9D8B00075479 /* MyCreditManager */ = {
			isa = PBXGroup;
			children = (
				430D6ABB29FF9D8B00075479 /* main.swift */,
				430D6AC229FFAD0A00075479 /* creditProgramStart.swift */,
				430D6AC429FFAD1700075479 /* ErrorMessage.swift */,
				430D6AC629FFAD2B00075479 /* removeScore.swift */,
				430D6AC829FFAD3200075479 /* removeStudent.swift */,
				430D6ACA29FFAD3900075479 /* addScore.swift */,
				430D6ACC29FFAD4000075479 /* addStudent.swift */,
				430D6ACE29FFAD4700075479 /* getGrade.swift */,
				430D6AD029FFAD9800075479 /* score.swift */,
			);
			path = MyCreditManager;
			sourceTree = "<group>";
		};
/* End PBXGroup section */

/* Begin PBXNativeTarget section */
		430D6AB729FF9D8B00075479 /* MyCreditManager */ = {
			isa = PBXNativeTarget;
			buildConfigurationList = 430D6ABF29FF9D8B00075479 /* Build configuration list for PBXNativeTarget "MyCreditManager" */;
			buildPhases = (
				430D6AB429FF9D8B00075479 /* Sources */,
				430D6AB529FF9D8B00075479 /* Frameworks */,
				430D6AB629FF9D8B00075479 /* CopyFiles */,
			);
			buildRules = (
			);
			dependencies = (
			);
			name = MyCreditManager;
			productName = MyCreditManager;
			productReference = 430D6AB829FF9D8B00075479 /* MyCreditManager */;
			productType = "com.apple.product-type.tool";
		};
/* End PBXNativeTarget section */

/* Begin PBXProject section */
		430D6AB029FF9D8B00075479 /* Project object */ = {
			isa = PBXProject;
			attributes = {
				BuildIndependentTargetsInParallel = 1;
				LastSwiftUpdateCheck = 1420;
				LastUpgradeCheck = 1420;
				TargetAttributes = {
					430D6AB729FF9D8B00075479 = {
						CreatedOnToolsVersion = 14.2;
					};
				};
			};
			buildConfigurationList = 430D6AB329FF9D8B00075479 /* Build configuration list for PBXProject "MyCreditManager" */;
			compatibilityVersion = "Xcode 14.0";
			developmentRegion = en;
			hasScannedForEncodings = 0;
			knownRegions = (
				en,
				Base,
			);
			mainGroup = 430D6AAF29FF9D8B00075479;
			productRefGroup = 430D6AB929FF9D8B00075479 /* Products */;
			projectDirPath = "";
			projectRoot = "";
			targets = (
				430D6AB729FF9D8B00075479 /* MyCreditManager */,
			);
		};
/* End PBXProject section */

/* Begin PBXSourcesBuildPhase section */
		430D6AB429FF9D8B00075479 /* Sources */ = {
			isa = PBXSourcesBuildPhase;
			buildActionMask = 2147483647;
			files = (
				430D6ACD29FFAD4000075479 /* addStudent.swift in Sources */,
				430D6ACB29FFAD3900075479 /* addScore.swift in Sources */,
				430D6AC329FFAD0A00075479 /* creditProgramStart.swift in Sources */,
				430D6AC529FFAD1700075479 /* ErrorMessage.swift in Sources */,
				430D6ACF29FFAD4700075479 /* getGrade.swift in Sources */,
				430D6AC729FFAD2B00075479 /* removeScore.swift in Sources */,
				430D6AC929FFAD3200075479 /* removeStudent.swift in Sources */,
				430D6AD129FFAD9800075479 /* score.swift in Sources */,
				430D6ABC29FF9D8B00075479 /* main.swift in Sources */,
			);
			runOnlyForDeploymentPostprocessing = 0;
		};
/* End PBXSourcesBuildPhase section */

/* Begin XCBuildConfiguration section */
		430D6ABD29FF9D8B00075479 /* Debug */ = {
			isa = XCBuildConfiguration;
			buildSettings = {
				ALWAYS_SEARCH_USER_PATHS = NO;
				CLANG_ANALYZER_NONNULL = YES;
				CLANG_ANALYZER_NUMBER_OBJECT_CONVERSION = YES_AGGRESSIVE;
				CLANG_CXX_LANGUAGE_STANDARD = "gnu++20";
				CLANG_ENABLE_MODULES = YES;
				CLANG_ENABLE_OBJC_ARC = YES;
				CLANG_ENABLE_OBJC_WEAK = YES;
				CLANG_WARN_BLOCK_CAPTURE_AUTORELEASING = YES;
				CLANG_WARN_BOOL_CONVERSION = YES;
				CLANG_WARN_COMMA = YES;
				CLANG_WARN_CONSTANT_CONVERSION = YES;
				CLANG_WARN_DEPRECATED_OBJC_IMPLEMENTATIONS = YES;
				CLANG_WARN_DIRECT_OBJC_ISA_USAGE = YES_ERROR;
				CLANG_WARN_DOCUMENTATION_COMMENTS = YES;
				CLANG_WARN_EMPTY_BODY = YES;
				CLANG_WARN_ENUM_CONVERSION = YES;
				CLANG_WARN_INFINITE_RECURSION = YES;
				CLANG_WARN_INT_CONVERSION = YES;
				CLANG_WARN_NON_LITERAL_NULL_CONVERSION = YES;
				CLANG_WARN_OBJC_IMPLICIT_RETAIN_SELF = YES;
				CLANG_WARN_OBJC_LITERAL_CONVERSION = YES;
				CLANG_WARN_OBJC_ROOT_CLASS = YES_ERROR;
				CLANG_WARN_QUOTED_INCLUDE_IN_FRAMEWORK_HEADER = YES;
				CLANG_WARN_RANGE_LOOP_ANALYSIS = YES;
				CLANG_WARN_STRICT_PROTOTYPES = YES;
				CLANG_WARN_SUSPICIOUS_MOVE = YES;
				CLANG_WARN_UNGUARDED_AVAILABILITY = YES_AGGRESSIVE;
				CLANG_WARN_UNREACHABLE_CODE = YES;
				CLANG_WARN__DUPLICATE_METHOD_MATCH = YES;
				COPY_PHASE_STRIP = NO;
				DEBUG_INFORMATION_FORMAT = dwarf;
				ENABLE_STRICT_OBJC_MSGSEND = YES;
				ENABLE_TESTABILITY = YES;
				GCC_C_LANGUAGE_STANDARD = gnu11;
				GCC_DYNAMIC_NO_PIC = NO;
				GCC_NO_COMMON_BLOCKS = YES;
				GCC_OPTIMIZATION_LEVEL = 0;
				GCC_PREPROCESSOR_DEFINITIONS = (
					"DEBUG=1",
					"$(inherited)",
				);
				GCC_WARN_64_TO_32_BIT_CONVERSION = YES;
				GCC_WARN_ABOUT_RETURN_TYPE = YES_ERROR;
				GCC_WARN_UNDECLARED_SELECTOR = YES;
				GCC_WARN_UNINITIALIZED_AUTOS = YES_AGGRESSIVE;
				GCC_WARN_UNUSED_FUNCTION = YES;
				GCC_WARN_UNUSED_VARIABLE = YES;
				MACOSX_DEPLOYMENT_TARGET = 13.1;
				MTL_ENABLE_DEBUG_INFO = INCLUDE_SOURCE;
				MTL_FAST_MATH = YES;
				ONLY_ACTIVE_ARCH = YES;
				SDKROOT = macosx;
				SWIFT_ACTIVE_COMPILATION_CONDITIONS = DEBUG;
				SWIFT_OPTIMIZATION_LEVEL = "-Onone";
			};
			name = Debug;
		};
		430D6ABE29FF9D8B00075479 /* Release */ = {
			isa = XCBuildConfiguration;
			buildSettings = {
				ALWAYS_SEARCH_USER_PATHS = NO;
				CLANG_ANALYZER_NONNULL = YES;
				CLANG_ANALYZER_NUMBER_OBJECT_CONVERSION = YES_AGGRESSIVE;
				CLANG_CXX_LANGUAGE_STANDARD = "gnu++20";
				CLANG_ENABLE_MODULES = YES;
				CLANG_ENABLE_OBJC_ARC = YES;
				CLANG_ENABLE_OBJC_WEAK = YES;
				CLANG_WARN_BLOCK_CAPTURE_AUTORELEASING = YES;
				CLANG_WARN_BOOL_CONVERSION = YES;
				CLANG_WARN_COMMA = YES;
				CLANG_WARN_CONSTANT_CONVERSION = YES;
				CLANG_WARN_DEPRECATED_OBJC_IMPLEMENTATIONS = YES;
				CLANG_WARN_DIRECT_OBJC_ISA_USAGE = YES_ERROR;
				CLANG_WARN_DOCUMENTATION_COMMENTS = YES;
				CLANG_WARN_EMPTY_BODY = YES;
				CLANG_WARN_ENUM_CONVERSION = YES;
				CLANG_WARN_INFINITE_RECURSION = YES;
				CLANG_WARN_INT_CONVERSION = YES;
				CLANG_WARN_NON_LITERAL_NULL_CONVERSION = YES;
				CLANG_WARN_OBJC_IMPLICIT_RETAIN_SELF = YES;
				CLANG_WARN_OBJC_LITERAL_CONVERSION = YES;
				CLANG_WARN_OBJC_ROOT_CLASS = YES_ERROR;
				CLANG_WARN_QUOTED_INCLUDE_IN_FRAMEWORK_HEADER = YES;
				CLANG_WARN_RANGE_LOOP_ANALYSIS = YES;
				CLANG_WARN_STRICT_PROTOTYPES = YES;
				CLANG_WARN_SUSPICIOUS_MOVE = YES;
				CLANG_WARN_UNGUARDED_AVAILABILITY = YES_AGGRESSIVE;
				CLANG_WARN_UNREACHABLE_CODE = YES;
				CLANG_WARN__DUPLICATE_METHOD_MATCH = YES;
				COPY_PHASE_STRIP = NO;
				DEBUG_INFORMATION_FORMAT = "dwarf-with-dsym";
				ENABLE_NS_ASSERTIONS = NO;
				ENABLE_STRICT_OBJC_MSGSEND = YES;
				GCC_C_LANGUAGE_STANDARD = gnu11;
				GCC_NO_COMMON_BLOCKS = YES;
				GCC_WARN_64_TO_32_BIT_CONVERSION = YES;
				GCC_WARN_ABOUT_RETURN_TYPE = YES_ERROR;
				GCC_WARN_UNDECLARED_SELECTOR = YES;
				GCC_WARN_UNINITIALIZED_AUTOS = YES_AGGRESSIVE;
				GCC_WARN_UNUSED_FUNCTION = YES;
				GCC_WARN_UNUSED_VARIABLE = YES;
				MACOSX_DEPLOYMENT_TARGET = 13.1;
				MTL_ENABLE_DEBUG_INFO = NO;
				MTL_FAST_MATH = YES;
				SDKROOT = macosx;
				SWIFT_COMPILATION_MODE = wholemodule;
				SWIFT_OPTIMIZATION_LEVEL = "-O";
			};
			name = Release;
		};
		430D6AC029FF9D8B00075479 /* Debug */ = {
			isa = XCBuildConfiguration;
			buildSettings = {
				CODE_SIGN_STYLE = Automatic;
				DEVELOPMENT_TEAM = X843D4L2C2;
				ENABLE_HARDENED_RUNTIME = YES;
				PRODUCT_NAME = "$(TARGET_NAME)";
				SWIFT_VERSION = 5.0;
			};
			name = Debug;
		};
		430D6AC129FF9D8B00075479 /* Release */ = {
			isa = XCBuildConfiguration;
			buildSettings = {
				CODE_SIGN_STYLE = Automatic;
				DEVELOPMENT_TEAM = X843D4L2C2;
				ENABLE_HARDENED_RUNTIME = YES;
				PRODUCT_NAME = "$(TARGET_NAME)";
				SWIFT_VERSION = 5.0;
			};
			name = Release;
		};
/* End XCBuildConfiguration section */

/* Begin XCConfigurationList section */
		430D6AB329FF9D8B00075479 /* Build configuration list for PBXProject "MyCreditManager" */ = {
			isa = XCConfigurationList;
			buildConfigurations = (
				430D6ABD29FF9D8B00075479 /* Debug */,
				430D6ABE29FF9D8B00075479 /* Release */,
			);
			defaultConfigurationIsVisible = 0;
			defaultConfigurationName = Release;
		};
		430D6ABF29FF9D8B00075479 /* Build configuration list for PBXNativeTarget "MyCreditManager" */ = {
			isa = XCConfigurationList;
			buildConfigurations = (
				430D6AC029FF9D8B00075479 /* Debug */,
				430D6AC129FF9D8B00075479 /* Release */,
			);
			defaultConfigurationIsVisible = 0;
			defaultConfigurationName = Release;
		};
/* End XCConfigurationList section */
	};
	rootObject = 430D6AB029FF9D8B00075479 /* Project object */;
}
